// !$*UTF8*$!
{
	archiveVersion = 1;
	classes = {
	};
	objectVersion = 55;
	objects = {

/* Begin PBXBuildFile section */
		3F13D665291A7F6B00CC38CF /* AppDelegate.swift in Sources */ = {isa = PBXBuildFile; fileRef = 3F13D664291A7F6B00CC38CF /* AppDelegate.swift */; };
		3F13D667291A7F6B00CC38CF /* SceneDelegate.swift in Sources */ = {isa = PBXBuildFile; fileRef = 3F13D666291A7F6B00CC38CF /* SceneDelegate.swift */; };
		3F13D669291A7F6B00CC38CF /* ViewController.swift in Sources */ = {isa = PBXBuildFile; fileRef = 3F13D668291A7F6B00CC38CF /* ViewController.swift */; };
		3F13D66C291A7F6B00CC38CF /* Main.storyboard in Resources */ = {isa = PBXBuildFile; fileRef = 3F13D66A291A7F6B00CC38CF /* Main.storyboard */; };
		3F13D66E291A7F6B00CC38CF /* Assets.xcassets in Resources */ = {isa = PBXBuildFile; fileRef = 3F13D66D291A7F6B00CC38CF /* Assets.xcassets */; };
		3F13D671291A7F6B00CC38CF /* LaunchScreen.storyboard in Resources */ = {isa = PBXBuildFile; fileRef = 3F13D66F291A7F6B00CC38CF /* LaunchScreen.storyboard */; };
		3F13D67C291A7F6C00CC38CF /* whateverTests.swift in Sources */ = {isa = PBXBuildFile; fileRef = 3F13D67B291A7F6C00CC38CF /* whateverTests.swift */; };
		3F13D686291A7F6C00CC38CF /* whateverUITests.swift in Sources */ = {isa = PBXBuildFile; fileRef = 3F13D685291A7F6C00CC38CF /* whateverUITests.swift */; };
		3F13D688291A7F6C00CC38CF /* whateverUITestsLaunchTests.swift in Sources */ = {isa = PBXBuildFile; fileRef = 3F13D687291A7F6C00CC38CF /* whateverUITestsLaunchTests.swift */; };
/* End PBXBuildFile section */

/* Begin PBXContainerItemProxy section */
		3F13D678291A7F6C00CC38CF /* PBXContainerItemProxy */ = {
			isa = PBXContainerItemProxy;
			containerPortal = 3F13D659291A7F6B00CC38CF /* Project object */;
			proxyType = 1;
			remoteGlobalIDString = 3F13D660291A7F6B00CC38CF;
			remoteInfo = whatever;
		};
		3F13D682291A7F6C00CC38CF /* PBXContainerItemProxy */ = {
			isa = PBXContainerItemProxy;
			containerPortal = 3F13D659291A7F6B00CC38CF /* Project object */;
			proxyType = 1;
			remoteGlobalIDString = 3F13D660291A7F6B00CC38CF;
			remoteInfo = whatever;
		};
/* End PBXContainerItemProxy section */

/* Begin PBXFileReference section */
		3F13D661291A7F6B00CC38CF /* whatever.app */ = {isa = PBXFileReference; explicitFileType = wrapper.application; includeInIndex = 0; path = whatever.app; sourceTree = BUILT_PRODUCTS_DIR; };
		3F13D664291A7F6B00CC38CF /* AppDelegate.swift */ = {isa = PBXFileReference; lastKnownFileType = sourcecode.swift; path = AppDelegate.swift; sourceTree = "<group>"; };
		3F13D666291A7F6B00CC38CF /* SceneDelegate.swift */ = {isa = PBXFileReference; lastKnownFileType = sourcecode.swift; path = SceneDelegate.swift; sourceTree = "<group>"; };
		3F13D668291A7F6B00CC38CF /* ViewController.swift */ = {isa = PBXFileReference; lastKnownFileType = sourcecode.swift; path = ViewController.swift; sourceTree = "<group>"; };
		3F13D66B291A7F6B00CC38CF /* Base */ = {isa = PBXFileReference; lastKnownFileType = file.storyboard; name = Base; path = Base.lproj/Main.storyboard; sourceTree = "<group>"; };
		3F13D66D291A7F6B00CC38CF /* Assets.xcassets */ = {isa = PBXFileReference; lastKnownFileType = folder.assetcatalog; path = Assets.xcassets; sourceTree = "<group>"; };
		3F13D670291A7F6B00CC38CF /* Base */ = {isa = PBXFileReference; lastKnownFileType = file.storyboard; name = Base; path = Base.lproj/LaunchScreen.storyboard; sourceTree = "<group>"; };
		3F13D672291A7F6B00CC38CF /* Info.plist */ = {isa = PBXFileReference; lastKnownFileType = text.plist.xml; path = Info.plist; sourceTree = "<group>"; };
		3F13D677291A7F6C00CC38CF /* whateverTests.xctest */ = {isa = PBXFileReference; explicitFileType = wrapper.cfbundle; includeInIndex = 0; path = whateverTests.xctest; sourceTree = BUILT_PRODUCTS_DIR; };
		3F13D67B291A7F6C00CC38CF /* whateverTests.swift */ = {isa = PBXFileReference; lastKnownFileType = sourcecode.swift; path = whateverTests.swift; sourceTree = "<group>"; };
		3F13D681291A7F6C00CC38CF /* whateverUITests.xctest */ = {isa = PBXFileReference; explicitFileType = wrapper.cfbundle; includeInIndex = 0; path = whateverUITests.xctest; sourceTree = BUILT_PRODUCTS_DIR; };
		3F13D685291A7F6C00CC38CF /* whateverUITests.swift */ = {isa = PBXFileReference; lastKnownFileType = sourcecode.swift; path = whateverUITests.swift; sourceTree = "<group>"; };
		3F13D687291A7F6C00CC38CF /* whateverUITestsLaunchTests.swift */ = {isa = PBXFileReference; lastKnownFileType = sourcecode.swift; path = whateverUITestsLaunchTests.swift; sourceTree = "<group>"; };
/* End PBXFileReference section */

/* Begin PBXFrameworksBuildPhase section */
		3F13D65E291A7F6B00CC38CF /* Frameworks */ = {
			isa = PBXFrameworksBuildPhase;
			buildActionMask = 2147483647;
			files = (
			);
			runOnlyForDeploymentPostprocessing = 0;
		};
		3F13D674291A7F6C00CC38CF /* Frameworks */ = {
			isa = PBXFrameworksBuildPhase;
			buildActionMask = 2147483647;
			files = (
			);
			runOnlyForDeploymentPostprocessing = 0;
		};
		3F13D67E291A7F6C00CC38CF /* Frameworks */ = {
			isa = PBXFrameworksBuildPhase;
			buildActionMask = 2147483647;
			files = (
			);
			runOnlyForDeploymentPostprocessing = 0;
		};
/* End PBXFrameworksBuildPhase section */

/* Begin PBXGroup section */
		3F13D658291A7F6B00CC38CF = {
			isa = PBXGroup;
			children = (
				3F13D663291A7F6B00CC38CF /* whatever */,
				3F13D67A291A7F6C00CC38CF /* whateverTests */,
				3F13D684291A7F6C00CC38CF /* whateverUITests */,
				3F13D662291A7F6B00CC38CF /* Products */,
			);
			sourceTree = "<group>";
		};
		3F13D662291A7F6B00CC38CF /* Products */ = {
			isa = PBXGroup;
			children = (
				3F13D661291A7F6B00CC38CF /* whatever.app */,
				3F13D677291A7F6C00CC38CF /* whateverTests.xctest */,
				3F13D681291A7F6C00CC38CF /* whateverUITests.xctest */,
			);
			name = Products;
			sourceTree = "<group>";
		};
		3F13D663291A7F6B00CC38CF /* whatever */ = {
			isa = PBXGroup;
			children = (
				3F13D664291A7F6B00CC38CF /* AppDelegate.swift */,
				3F13D666291A7F6B00CC38CF /* SceneDelegate.swift */,
				3F13D668291A7F6B00CC38CF /* ViewController.swift */,
				3F13D66A291A7F6B00CC38CF /* Main.storyboard */,
				3F13D66D291A7F6B00CC38CF /* Assets.xcassets */,
				3F13D66F291A7F6B00CC38CF /* LaunchScreen.storyboard */,
				3F13D672291A7F6B00CC38CF /* Info.plist */,
			);
			path = whatever;
			sourceTree = "<group>";
		};
		3F13D67A291A7F6C00CC38CF /* whateverTests */ = {
			isa = PBXGroup;
			children = (
				3F13D67B291A7F6C00CC38CF /* whateverTests.swift */,
			);
			path = whateverTests;
			sourceTree = "<group>";
		};
		3F13D684291A7F6C00CC38CF /* whateverUITests */ = {
			isa = PBXGroup;
			children = (
				3F13D685291A7F6C00CC38CF /* whateverUITests.swift */,
				3F13D687291A7F6C00CC38CF /* whateverUITestsLaunchTests.swift */,
			);
			path = whateverUITests;
			sourceTree = "<group>";
		};
/* End PBXGroup section */

/* Begin PBXNativeTarget section */
		3F13D660291A7F6B00CC38CF /* whatever */ = {
			isa = PBXNativeTarget;
			buildConfigurationList = 3F13D68B291A7F6C00CC38CF /* Build configuration list for PBXNativeTarget "whatever" */;
			buildPhases = (
				3F13D65D291A7F6B00CC38CF /* Sources */,
				3F13D65E291A7F6B00CC38CF /* Frameworks */,
				3F13D65F291A7F6B00CC38CF /* Resources */,
			);
			buildRules = (
			);
			dependencies = (
			);
			name = whatever;
			productName = whatever;
			productReference = 3F13D661291A7F6B00CC38CF /* whatever.app */;
			productType = "com.apple.product-type.application";
		};
		3F13D676291A7F6C00CC38CF /* whateverTests */ = {
			isa = PBXNativeTarget;
			buildConfigurationList = 3F13D68E291A7F6C00CC38CF /* Build configuration list for PBXNativeTarget "whateverTests" */;
			buildPhases = (
				3F13D673291A7F6C00CC38CF /* Sources */,
				3F13D674291A7F6C00CC38CF /* Frameworks */,
				3F13D675291A7F6C00CC38CF /* Resources */,
			);
			buildRules = (
			);
			dependencies = (
				3F13D679291A7F6C00CC38CF /* PBXTargetDependency */,
			);
			name = whateverTests;
			productName = whateverTests;
			productReference = 3F13D677291A7F6C00CC38CF /* whateverTests.xctest */;
			productType = "com.apple.product-type.bundle.unit-test";
		};
		3F13D680291A7F6C00CC38CF /* whateverUITests */ = {
			isa = PBXNativeTarget;
			buildConfigurationList = 3F13D691291A7F6C00CC38CF /* Build configuration list for PBXNativeTarget "whateverUITests" */;
			buildPhases = (
				3F13D67D291A7F6C00CC38CF /* Sources */,
				3F13D67E291A7F6C00CC38CF /* Frameworks */,
				3F13D67F291A7F6C00CC38CF /* Resources */,
			);
			buildRules = (
			);
			dependencies = (
				3F13D683291A7F6C00CC38CF /* PBXTargetDependency */,
			);
			name = whateverUITests;
			productName = whateverUITests;
			productReference = 3F13D681291A7F6C00CC38CF /* whateverUITests.xctest */;
			productType = "com.apple.product-type.bundle.ui-testing";
		};
/* End PBXNativeTarget section */

/* Begin PBXProject section */
		3F13D659291A7F6B00CC38CF /* Project object */ = {
			isa = PBXProject;
			attributes = {
				BuildIndependentTargetsInParallel = 1;
				LastSwiftUpdateCheck = 1340;
				LastUpgradeCheck = 1340;
				TargetAttributes = {
					3F13D660291A7F6B00CC38CF = {
						CreatedOnToolsVersion = 13.4.1;
					};
					3F13D676291A7F6C00CC38CF = {
						CreatedOnToolsVersion = 13.4.1;
						TestTargetID = 3F13D660291A7F6B00CC38CF;
					};
					3F13D680291A7F6C00CC38CF = {
						CreatedOnToolsVersion = 13.4.1;
						TestTargetID = 3F13D660291A7F6B00CC38CF;
					};
				};
			};
			buildConfigurationList = 3F13D65C291A7F6B00CC38CF /* Build configuration list for PBXProject "whatever" */;
			compatibilityVersion = "Xcode 13.0";
			developmentRegion = en;
			hasScannedForEncodings = 0;
			knownRegions = (
				en,
				Base,
			);
			mainGroup = 3F13D658291A7F6B00CC38CF;
			productRefGroup = 3F13D662291A7F6B00CC38CF /* Products */;
			projectDirPath = "";
			projectRoot = "";
			targets = (
				3F13D660291A7F6B00CC38CF /* whatever */,
				3F13D676291A7F6C00CC38CF /* whateverTests */,
				3F13D680291A7F6C00CC38CF /* whateverUITests */,
			);
		};
/* End PBXProject section */

/* Begin PBXResourcesBuildPhase section */
		3F13D65F291A7F6B00CC38CF /* Resources */ = {
			isa = PBXResourcesBuildPhase;
			buildActionMask = 2147483647;
			files = (
				3F13D671291A7F6B00CC38CF /* LaunchScreen.storyboard in Resources */,
				3F13D66E291A7F6B00CC38CF /* Assets.xcassets in Resources */,
				3F13D66C291A7F6B00CC38CF /* Main.storyboard in Resources */,
			);
			runOnlyForDeploymentPostprocessing = 0;
		};
		3F13D675291A7F6C00CC38CF /* Resources */ = {
			isa = PBXResourcesBuildPhase;
			buildActionMask = 2147483647;
			files = (
			);
			runOnlyForDeploymentPostprocessing = 0;
		};
		3F13D67F291A7F6C00CC38CF /* Resources */ = {
			isa = PBXResourcesBuildPhase;
			buildActionMask = 2147483647;
			files = (
			);
			runOnlyForDeploymentPostprocessing = 0;
		};
/* End PBXResourcesBuildPhase section */

/* Begin PBXSourcesBuildPhase section */
		3F13D65D291A7F6B00CC38CF /* Sources */ = {
			isa = PBXSourcesBuildPhase;
			buildActionMask = 2147483647;
			files = (
				3F13D669291A7F6B00CC38CF /* ViewController.swift in Sources */,
				3F13D665291A7F6B00CC38CF /* AppDelegate.swift in Sources */,
				3F13D667291A7F6B00CC38CF /* SceneDelegate.swift in Sources */,
			);
			runOnlyForDeploymentPostprocessing = 0;
		};
		3F13D673291A7F6C00CC38CF /* Sources */ = {
			isa = PBXSourcesBuildPhase;
			buildActionMask = 2147483647;
			files = (
				3F13D67C291A7F6C00CC38CF /* whateverTests.swift in Sources */,
			);
			runOnlyForDeploymentPostprocessing = 0;
		};
		3F13D67D291A7F6C00CC38CF /* Sources */ = {
			isa = PBXSourcesBuildPhase;
			buildActionMask = 2147483647;
			files = (
				3F13D688291A7F6C00CC38CF /* whateverUITestsLaunchTests.swift in Sources */,
				3F13D686291A7F6C00CC38CF /* whateverUITests.swift in Sources */,
			);
			runOnlyForDeploymentPostprocessing = 0;
		};
/* End PBXSourcesBuildPhase section */

/* Begin PBXTargetDependency section */
		3F13D679291A7F6C00CC38CF /* PBXTargetDependency */ = {
			isa = PBXTargetDependency;
			target = 3F13D660291A7F6B00CC38CF /* whatever */;
			targetProxy = 3F13D678291A7F6C00CC38CF /* PBXContainerItemProxy */;
		};
		3F13D683291A7F6C00CC38CF /* PBXTargetDependency */ = {
			isa = PBXTargetDependency;
			target = 3F13D660291A7F6B00CC38CF /* whatever */;
			targetProxy = 3F13D682291A7F6C00CC38CF /* PBXContainerItemProxy */;
		};
/* End PBXTargetDependency section */

/* Begin PBXVariantGroup section */
		3F13D66A291A7F6B00CC38CF /* Main.storyboard */ = {
			isa = PBXVariantGroup;
			children = (
				3F13D66B291A7F6B00CC38CF /* Base */,
			);
			name = Main.storyboard;
			sourceTree = "<group>";
		};
		3F13D66F291A7F6B00CC38CF /* LaunchScreen.storyboard */ = {
			isa = PBXVariantGroup;
			children = (
				3F13D670291A7F6B00CC38CF /* Base */,
			);
			name = LaunchScreen.storyboard;
			sourceTree = "<group>";
		};
/* End PBXVariantGroup section */

/* Begin XCBuildConfiguration section */
		3F13D689291A7F6C00CC38CF /* Debug */ = {
			isa = XCBuildConfiguration;
			buildSettings = {
				ALWAYS_SEARCH_USER_PATHS = NO;
				CLANG_ANALYZER_NONNULL = YES;
				CLANG_ANALYZER_NUMBER_OBJECT_CONVERSION = YES_AGGRESSIVE;
				CLANG_CXX_LANGUAGE_STANDARD = "gnu++17";
				CLANG_ENABLE_MODULES = YES;
				CLANG_ENABLE_OBJC_ARC = YES;
				CLANG_ENABLE_OBJC_WEAK = YES;
				CLANG_WARN_BLOCK_CAPTURE_AUTORELEASING = YES;
				CLANG_WARN_BOOL_CONVERSION = YES;
				CLANG_WARN_COMMA = YES;
				CLANG_WARN_CONSTANT_CONVERSION = YES;
				CLANG_WARN_DEPRECATED_OBJC_IMPLEMENTATIONS = YES;
				CLANG_WARN_DIRECT_OBJC_ISA_USAGE = YES_ERROR;
				CLANG_WARN_DOCUMENTATION_COMMENTS = YES;
				CLANG_WARN_EMPTY_BODY = YES;
				CLANG_WARN_ENUM_CONVERSION = YES;
				CLANG_WARN_INFINITE_RECURSION = YES;
				CLANG_WARN_INT_CONVERSION = YES;
				CLANG_WARN_NON_LITERAL_NULL_CONVERSION = YES;
				CLANG_WARN_OBJC_IMPLICIT_RETAIN_SELF = YES;
				CLANG_WARN_OBJC_LITERAL_CONVERSION = YES;
				CLANG_WARN_OBJC_ROOT_CLASS = YES_ERROR;
				CLANG_WARN_QUOTED_INCLUDE_IN_FRAMEWORK_HEADER = YES;
				CLANG_WARN_RANGE_LOOP_ANALYSIS = YES;
				CLANG_WARN_STRICT_PROTOTYPES = YES;
				CLANG_WARN_SUSPICIOUS_MOVE = YES;
				CLANG_WARN_UNGUARDED_AVAILABILITY = YES_AGGRESSIVE;
				CLANG_WARN_UNREACHABLE_CODE = YES;
				CLANG_WARN__DUPLICATE_METHOD_MATCH = YES;
				COPY_PHASE_STRIP = NO;
				DEBUG_INFORMATION_FORMAT = dwarf;
				ENABLE_STRICT_OBJC_MSGSEND = YES;
				ENABLE_TESTABILITY = YES;
				GCC_C_LANGUAGE_STANDARD = gnu11;
				GCC_DYNAMIC_NO_PIC = NO;
				GCC_NO_COMMON_BLOCKS = YES;
				GCC_OPTIMIZATION_LEVEL = 0;
				GCC_PREPROCESSOR_DEFINITIONS = (
					"DEBUG=1",
					"$(inherited)",
				);
				GCC_WARN_64_TO_32_BIT_CONVERSION = YES;
				GCC_WARN_ABOUT_RETURN_TYPE = YES_ERROR;
				GCC_WARN_UNDECLARED_SELECTOR = YES;
				GCC_WARN_UNINITIALIZED_AUTOS = YES_AGGRESSIVE;
				GCC_WARN_UNUSED_FUNCTION = YES;
				GCC_WARN_UNUSED_VARIABLE = YES;
				IPHONEOS_DEPLOYMENT_TARGET = 15.5;
				MTL_ENABLE_DEBUG_INFO = INCLUDE_SOURCE;
				MTL_FAST_MATH = YES;
				ONLY_ACTIVE_ARCH = YES;
				SDKROOT = iphoneos;
				SWIFT_ACTIVE_COMPILATION_CONDITIONS = DEBUG;
				SWIFT_OPTIMIZATION_LEVEL = "-Onone";
			};
			name = Debug;
		};
		3F13D68A291A7F6C00CC38CF /* Release */ = {
			isa = XCBuildConfiguration;
			buildSettings = {
				ALWAYS_SEARCH_USER_PATHS = NO;
				CLANG_ANALYZER_NONNULL = YES;
				CLANG_ANALYZER_NUMBER_OBJECT_CONVERSION = YES_AGGRESSIVE;
				CLANG_CXX_LANGUAGE_STANDARD = "gnu++17";
				CLANG_ENABLE_MODULES = YES;
				CLANG_ENABLE_OBJC_ARC = YES;
				CLANG_ENABLE_OBJC_WEAK = YES;
				CLANG_WARN_BLOCK_CAPTURE_AUTORELEASING = YES;
				CLANG_WARN_BOOL_CONVERSION = YES;
				CLANG_WARN_COMMA = YES;
				CLANG_WARN_CONSTANT_CONVERSION = YES;
				CLANG_WARN_DEPRECATED_OBJC_IMPLEMENTATIONS = YES;
				CLANG_WARN_DIRECT_OBJC_ISA_USAGE = YES_ERROR;
				CLANG_WARN_DOCUMENTATION_COMMENTS = YES;
				CLANG_WARN_EMPTY_BODY = YES;
				CLANG_WARN_ENUM_CONVERSION = YES;
				CLANG_WARN_INFINITE_RECURSION = YES;
				CLANG_WARN_INT_CONVERSION = YES;
				CLANG_WARN_NON_LITERAL_NULL_CONVERSION = YES;
				CLANG_WARN_OBJC_IMPLICIT_RETAIN_SELF = YES;
				CLANG_WARN_OBJC_LITERAL_CONVERSION = YES;
				CLANG_WARN_OBJC_ROOT_CLASS = YES_ERROR;
				CLANG_WARN_QUOTED_INCLUDE_IN_FRAMEWORK_HEADER = YES;
				CLANG_WARN_RANGE_LOOP_ANALYSIS = YES;
				CLANG_WARN_STRICT_PROTOTYPES = YES;
				CLANG_WARN_SUSPICIOUS_MOVE = YES;
				CLANG_WARN_UNGUARDED_AVAILABILITY = YES_AGGRESSIVE;
				CLANG_WARN_UNREACHABLE_CODE = YES;
				CLANG_WARN__DUPLICATE_METHOD_MATCH = YES;
				COPY_PHASE_STRIP = NO;
				DEBUG_INFORMATION_FORMAT = "dwarf-with-dsym";
				ENABLE_NS_ASSERTIONS = NO;
				ENABLE_STRICT_OBJC_MSGSEND = YES;
				GCC_C_LANGUAGE_STANDARD = gnu11;
				GCC_NO_COMMON_BLOCKS = YES;
				GCC_WARN_64_TO_32_BIT_CONVERSION = YES;
				GCC_WARN_ABOUT_RETURN_TYPE = YES_ERROR;
				GCC_WARN_UNDECLARED_SELECTOR = YES;
				GCC_WARN_UNINITIALIZED_AUTOS = YES_AGGRESSIVE;
				GCC_WARN_UNUSED_FUNCTION = YES;
				GCC_WARN_UNUSED_VARIABLE = YES;
				IPHONEOS_DEPLOYMENT_TARGET = 15.5;
				MTL_ENABLE_DEBUG_INFO = NO;
				MTL_FAST_MATH = YES;
				SDKROOT = iphoneos;
				SWIFT_COMPILATION_MODE = wholemodule;
				SWIFT_OPTIMIZATION_LEVEL = "-O";
				VALIDATE_PRODUCT = YES;
			};
			name = Release;
		};
		3F13D68C291A7F6C00CC38CF /* Debug */ = {
			isa = XCBuildConfiguration;
			buildSettings = {
				ASSETCATALOG_COMPILER_APPICON_NAME = AppIcon;
				ASSETCATALOG_COMPILER_GLOBAL_ACCENT_COLOR_NAME = AccentColor;
				CODE_SIGN_STYLE = Automatic;
				CURRENT_PROJECT_VERSION = 1;
				DEVELOPMENT_TEAM = HG84WPP7B7;
				GENERATE_INFOPLIST_FILE = YES;
				INFOPLIST_FILE = whatever/Info.plist;
				INFOPLIST_KEY_UIApplicationSupportsIndirectInputEvents = YES;
				INFOPLIST_KEY_UILaunchStoryboardName = LaunchScreen;
				INFOPLIST_KEY_UIMainStoryboardFile = Main;
				INFOPLIST_KEY_UISupportedInterfaceOrientations_iPad = "UIInterfaceOrientationPortrait UIInterfaceOrientationPortraitUpsideDown UIInterfaceOrientationLandscapeLeft UIInterfaceOrientationLandscapeRight";
				INFOPLIST_KEY_UISupportedInterfaceOrientations_iPhone = "UIInterfaceOrientationPortrait UIInterfaceOrientationLandscapeLeft UIInterfaceOrientationLandscapeRight";
				LD_RUNPATH_SEARCH_PATHS = (
					"$(inherited)",
					"@executable_path/Frameworks",
				);
				MARKETING_VERSION = 1.0;
				PRODUCT_BUNDLE_IDENTIFIER = polytechnic.bh.whatever;
				PRODUCT_NAME = "$(TARGET_NAME)";
				SWIFT_EMIT_LOC_STRINGS = YES;
				SWIFT_VERSION = 5.0;
				TARGETED_DEVICE_FAMILY = "1,2";
			};
			name = Debug;
		};
		3F13D68D291A7F6C00CC38CF /* Release */ = {
			isa = XCBuildConfiguration;
			buildSettings = {
				ASSETCATALOG_COMPILER_APPICON_NAME = AppIcon;
				ASSETCATALOG_COMPILER_GLOBAL_ACCENT_COLOR_NAME = AccentColor;
				CODE_SIGN_STYLE = Automatic;
				CURRENT_PROJECT_VERSION = 1;
				DEVELOPMENT_TEAM = HG84WPP7B7;
				GENERATE_INFOPLIST_FILE = YES;
				INFOPLIST_FILE = whatever/Info.plist;
				INFOPLIST_KEY_UIApplicationSupportsIndirectInputEvents = YES;
				INFOPLIST_KEY_UILaunchStoryboardName = LaunchScreen;
				INFOPLIST_KEY_UIMainStoryboardFile = Main;
				INFOPLIST_KEY_UISupportedInterfaceOrientations_iPad = "UIInterfaceOrientationPortrait UIInterfaceOrientationPortraitUpsideDown UIInterfaceOrientationLandscapeLeft UIInterfaceOrientationLandscapeRight";
				INFOPLIST_KEY_UISupportedInterfaceOrientations_iPhone = "UIInterfaceOrientationPortrait UIInterfaceOrientationLandscapeLeft UIInterfaceOrientationLandscapeRight";
				LD_RUNPATH_SEARCH_PATHS = (
					"$(inherited)",
					"@executable_path/Frameworks",
				);
				MARKETING_VERSION = 1.0;
				PRODUCT_BUNDLE_IDENTIFIER = polytechnic.bh.whatever;
				PRODUCT_NAME = "$(TARGET_NAME)";
				SWIFT_EMIT_LOC_STRINGS = YES;
				SWIFT_VERSION = 5.0;
				TARGETED_DEVICE_FAMILY = "1,2";
			};
			name = Release;
		};
		3F13D68F291A7F6C00CC38CF /* Debug */ = {
			isa = XCBuildConfiguration;
			buildSettings = {
				ALWAYS_EMBED_SWIFT_STANDARD_LIBRARIES = YES;
				BUNDLE_LOADER = "$(TEST_HOST)";
				CODE_SIGN_STYLE = Automatic;
				CURRENT_PROJECT_VERSION = 1;
				DEVELOPMENT_TEAM = HG84WPP7B7;
				GENERATE_INFOPLIST_FILE = YES;
				IPHONEOS_DEPLOYMENT_TARGET = 15.5;
				MARKETING_VERSION = 1.0;
				PRODUCT_BUNDLE_IDENTIFIER = polytechnic.bh.whateverTests;
				PRODUCT_NAME = "$(TARGET_NAME)";
				SWIFT_EMIT_LOC_STRINGS = NO;
				SWIFT_VERSION = 5.0;
				TARGETED_DEVICE_FAMILY = "1,2";
				TEST_HOST = "$(BUILT_PRODUCTS_DIR)/whatever.app/whatever";
			};
			name = Debug;
		};
		3F13D690291A7F6C00CC38CF /* Release */ = {
			isa = XCBuildConfiguration;
			buildSettings = {
				ALWAYS_EMBED_SWIFT_STANDARD_LIBRARIES = YES;
				BUNDLE_LOADER = "$(TEST_HOST)";
				CODE_SIGN_STYLE = Automatic;
				CURRENT_PROJECT_VERSION = 1;
				DEVELOPMENT_TEAM = HG84WPP7B7;
				GENERATE_INFOPLIST_FILE = YES;
				IPHONEOS_DEPLOYMENT_TARGET = 15.5;
				MARKETING_VERSION = 1.0;
				PRODUCT_BUNDLE_IDENTIFIER = polytechnic.bh.whateverTests;
				PRODUCT_NAME = "$(TARGET_NAME)";
				SWIFT_EMIT_LOC_STRINGS = NO;
				SWIFT_VERSION = 5.0;
				TARGETED_DEVICE_FAMILY = "1,2";
				TEST_HOST = "$(BUILT_PRODUCTS_DIR)/whatever.app/whatever";
			};
			name = Release;
		};
		3F13D692291A7F6C00CC38CF /* Debug */ = {
			isa = XCBuildConfiguration;
			buildSettings = {
				ALWAYS_EMBED_SWIFT_STANDARD_LIBRARIES = YES;
				CODE_SIGN_STYLE = Automatic;
				CURRENT_PROJECT_VERSION = 1;
				DEVELOPMENT_TEAM = HG84WPP7B7;
				GENERATE_INFOPLIST_FILE = YES;
				MARKETING_VERSION = 1.0;
				PRODUCT_BUNDLE_IDENTIFIER = polytechnic.bh.whateverUITests;
				PRODUCT_NAME = "$(TARGET_NAME)";
				SWIFT_EMIT_LOC_STRINGS = NO;
				SWIFT_VERSION = 5.0;
				TARGETED_DEVICE_FAMILY = "1,2";
				TEST_TARGET_NAME = whatever;
			};
			name = Debug;
		};
		3F13D693291A7F6C00CC38CF /* Release */ = {
			isa = XCBuildConfiguration;
			buildSettings = {
				ALWAYS_EMBED_SWIFT_STANDARD_LIBRARIES = YES;
				CODE_SIGN_STYLE = Automatic;
				CURRENT_PROJECT_VERSION = 1;
				DEVELOPMENT_TEAM = HG84WPP7B7;
				GENERATE_INFOPLIST_FILE = YES;
				MARKETING_VERSION = 1.0;
				PRODUCT_BUNDLE_IDENTIFIER = polytechnic.bh.whateverUITests;
				PRODUCT_NAME = "$(TARGET_NAME)";
				SWIFT_EMIT_LOC_STRINGS = NO;
				SWIFT_VERSION = 5.0;
				TARGETED_DEVICE_FAMILY = "1,2";
				TEST_TARGET_NAME = whatever;
			};
			name = Release;
		};
/* End XCBuildConfiguration section */

/* Begin XCConfigurationList section */
		3F13D65C291A7F6B00CC38CF /* Build configuration list for PBXProject "whatever" */ = {
			isa = XCConfigurationList;
			buildConfigurations = (
				3F13D689291A7F6C00CC38CF /* Debug */,
				3F13D68A291A7F6C00CC38CF /* Release */,
			);
			defaultConfigurationIsVisible = 0;
			defaultConfigurationName = Release;
		};
		3F13D68B291A7F6C00CC38CF /* Build configuration list for PBXNativeTarget "whatever" */ = {
			isa = XCConfigurationList;
			buildConfigurations = (
				3F13D68C291A7F6C00CC38CF /* Debug */,
				3F13D68D291A7F6C00CC38CF /* Release */,
			);
			defaultConfigurationIsVisible = 0;
			defaultConfigurationName = Release;
		};
		3F13D68E291A7F6C00CC38CF /* Build configuration list for PBXNativeTarget "whateverTests" */ = {
			isa = XCConfigurationList;
			buildConfigurations = (
				3F13D68F291A7F6C00CC38CF /* Debug */,
				3F13D690291A7F6C00CC38CF /* Release */,
			);
			defaultConfigurationIsVisible = 0;
			defaultConfigurationName = Release;
		};
		3F13D691291A7F6C00CC38CF /* Build configuration list for PBXNativeTarget "whateverUITests" */ = {
			isa = XCConfigurationList;
			buildConfigurations = (
				3F13D692291A7F6C00CC38CF /* Debug */,
				3F13D693291A7F6C00CC38CF /* Release */,
			);
			defaultConfigurationIsVisible = 0;
			defaultConfigurationName = Release;
		};
/* End XCConfigurationList section */
	};
	rootObject = 3F13D659291A7F6B00CC38CF /* Project object */;
}
